
Microsoft Visual Studio Solution File, Format Version 12.00
# Visual Studio 15
VisualStudioVersion = 15.0.27703.2026
MinimumVisualStudioVersion = 10.0.40219.1
Project("{FAE04EC0-301F-11D3-BF4B-00C04F79EFBC}") = "EncryptTester", "EncryptTester\EncryptTester.csproj", "{D38B58FA-329C-447A-ACB2-7DC524FE7C76}"
EndProject
Project("{FAE04EC0-301F-11D3-BF4B-00C04F79EFBC}") = "PostBuildFileModder.Task", "PostBuildFileModder\PostBuildFileModder.Task.csproj", "{B5D2D48B-8373-441D-BAD0-AAC1DDB02346}"
EndProject
Global
	GlobalSection(SolutionConfigurationPlatforms) = preSolution
		Debug|Any CPU = Debug|Any CPU
		Release|Any CPU = Release|Any CPU
	EndGlobalSection
	GlobalSection(ProjectConfigurationPlatforms) = postSolution
		{D38B58FA-329C-447A-ACB2-7DC524FE7C76}.Debug|Any CPU.ActiveCfg = Debug|Any CPU
		{D38B58FA-329C-447A-ACB2-7DC524FE7C76}.Debug|Any CPU.Build.0 = Debug|Any CPU
		{D38B58FA-329C-447A-ACB2-7DC524FE7C76}.Release|Any CPU.ActiveCfg = Release|Any CPU
		{D38B58FA-329C-447A-ACB2-7DC524FE7C76}.Release|Any CPU.Build.0 = Release|Any CPU
		{B5D2D48B-8373-441D-BAD0-AAC1DDB02346}.Debug|Any CPU.ActiveCfg = Debug|Any CPU
		{B5D2D48B-8373-441D-BAD0-AAC1DDB02346}.Debug|Any CPU.Build.0 = Debug|Any CPU
		{B5D2D48B-8373-441D-BAD0-AAC1DDB02346}.Release|Any CPU.ActiveCfg = Release|Any CPU
		{B5D2D48B-8373-441D-BAD0-AAC1DDB02346}.Release|Any CPU.Build.0 = Release|Any CPU
	EndGlobalSection
	GlobalSection(SolutionProperties) = preSolution
		HideSolutionNode = FALSE
	EndGlobalSection
	GlobalSection(ExtensibilityGlobals) = postSolution
		SolutionGuid = {A0360C29-1E9C-4781-BCDE-C100A01FC4E3}
	EndGlobalSection
EndGlobal
